// !$*UTF8*$!
{
	archiveVersion = 1;
	classes = {
	};
	objectVersion = 56;
	objects = {

/* Begin PBXBuildFile section */
		6A3FB79C293A75CC00C47EDE /* AppDelegate.swift in Sources */ = {isa = PBXBuildFile; fileRef = 6A3FB79B293A75CC00C47EDE /* AppDelegate.swift */; };
		6A3FB79E293A75CC00C47EDE /* SceneDelegate.swift in Sources */ = {isa = PBXBuildFile; fileRef = 6A3FB79D293A75CC00C47EDE /* SceneDelegate.swift */; };
		6A3FB7A0293A75CC00C47EDE /* ViewController.swift in Sources */ = {isa = PBXBuildFile; fileRef = 6A3FB79F293A75CC00C47EDE /* ViewController.swift */; };
		6A3FB7A3293A75CC00C47EDE /* Main.storyboard in Resources */ = {isa = PBXBuildFile; fileRef = 6A3FB7A1293A75CC00C47EDE /* Main.storyboard */; };
		6A3FB7A5293A75D500C47EDE /* Assets.xcassets in Resources */ = {isa = PBXBuildFile; fileRef = 6A3FB7A4293A75D500C47EDE /* Assets.xcassets */; };
		6A3FB7A8293A75D500C47EDE /* LaunchScreen.storyboard in Resources */ = {isa = PBXBuildFile; fileRef = 6A3FB7A6293A75D500C47EDE /* LaunchScreen.storyboard */; };
		6A3FB7B6293A7DD900C47EDE /* MenuTVC.swift in Sources */ = {isa = PBXBuildFile; fileRef = 6A3FB7B5293A7DD900C47EDE /* MenuTVC.swift */; };
		6A4A7E9B293E587800BD1A3E /* Menu.swift in Sources */ = {isa = PBXBuildFile; fileRef = 6A4A7E9A293E587800BD1A3E /* Menu.swift */; };
		6A4A7E9D293E594100BD1A3E /* Ingredients.swift in Sources */ = {isa = PBXBuildFile; fileRef = 6A4A7E9C293E594100BD1A3E /* Ingredients.swift */; };
		6A4A7E9F293E595E00BD1A3E /* Instructions.swift in Sources */ = {isa = PBXBuildFile; fileRef = 6A4A7E9E293E595E00BD1A3E /* Instructions.swift */; };
/* End PBXBuildFile section */

/* Begin PBXFileReference section */
		6A3FB798293A75CC00C47EDE /* PrototypePlanCook.app */ = {isa = PBXFileReference; explicitFileType = wrapper.application; includeInIndex = 0; path = PrototypePlanCook.app; sourceTree = BUILT_PRODUCTS_DIR; };
		6A3FB79B293A75CC00C47EDE /* AppDelegate.swift */ = {isa = PBXFileReference; lastKnownFileType = sourcecode.swift; path = AppDelegate.swift; sourceTree = "<group>"; };
		6A3FB79D293A75CC00C47EDE /* SceneDelegate.swift */ = {isa = PBXFileReference; lastKnownFileType = sourcecode.swift; path = SceneDelegate.swift; sourceTree = "<group>"; };
		6A3FB79F293A75CC00C47EDE /* ViewController.swift */ = {isa = PBXFileReference; lastKnownFileType = sourcecode.swift; path = ViewController.swift; sourceTree = "<group>"; };
		6A3FB7A2293A75CC00C47EDE /* Base */ = {isa = PBXFileReference; lastKnownFileType = file.storyboard; name = Base; path = Base.lproj/Main.storyboard; sourceTree = "<group>"; };
		6A3FB7A4293A75D500C47EDE /* Assets.xcassets */ = {isa = PBXFileReference; lastKnownFileType = folder.assetcatalog; path = Assets.xcassets; sourceTree = "<group>"; };
		6A3FB7A7293A75D500C47EDE /* Base */ = {isa = PBXFileReference; lastKnownFileType = file.storyboard; name = Base; path = Base.lproj/LaunchScreen.storyboard; sourceTree = "<group>"; };
		6A3FB7A9293A75D500C47EDE /* Info.plist */ = {isa = PBXFileReference; lastKnownFileType = text.plist.xml; path = Info.plist; sourceTree = "<group>"; };
		6A3FB7B5293A7DD900C47EDE /* MenuTVC.swift */ = {isa = PBXFileReference; lastKnownFileType = sourcecode.swift; path = MenuTVC.swift; sourceTree = "<group>"; };
		6A4A7E9A293E587800BD1A3E /* Menu.swift */ = {isa = PBXFileReference; lastKnownFileType = sourcecode.swift; path = Menu.swift; sourceTree = "<group>"; };
		6A4A7E9C293E594100BD1A3E /* Ingredients.swift */ = {isa = PBXFileReference; lastKnownFileType = sourcecode.swift; path = Ingredients.swift; sourceTree = "<group>"; };
		6A4A7E9E293E595E00BD1A3E /* Instructions.swift */ = {isa = PBXFileReference; lastKnownFileType = sourcecode.swift; path = Instructions.swift; sourceTree = "<group>"; };
/* End PBXFileReference section */

/* Begin PBXFrameworksBuildPhase section */
		6A3FB795293A75CC00C47EDE /* Frameworks */ = {
			isa = PBXFrameworksBuildPhase;
			buildActionMask = 2147483647;
			files = (
			);
			runOnlyForDeploymentPostprocessing = 0;
		};
/* End PBXFrameworksBuildPhase section */

/* Begin PBXGroup section */
		6A3FB78F293A75CC00C47EDE = {
			isa = PBXGroup;
			children = (
				6A3FB79A293A75CC00C47EDE /* PrototypePlanCook */,
				6A3FB799293A75CC00C47EDE /* Products */,
			);
			sourceTree = "<group>";
		};
		6A3FB799293A75CC00C47EDE /* Products */ = {
			isa = PBXGroup;
			children = (
				6A3FB798293A75CC00C47EDE /* PrototypePlanCook.app */,
			);
			name = Products;
			sourceTree = "<group>";
		};
		6A3FB79A293A75CC00C47EDE /* PrototypePlanCook */ = {
			isa = PBXGroup;
			children = (
				6A4A7E99293E584200BD1A3E /* Structs */,
				6A3FB7B9293A823B00C47EDE /* TVC */,
				6A3FB79B293A75CC00C47EDE /* AppDelegate.swift */,
				6A3FB79D293A75CC00C47EDE /* SceneDelegate.swift */,
				6A3FB79F293A75CC00C47EDE /* ViewController.swift */,
				6A3FB7A1293A75CC00C47EDE /* Main.storyboard */,
				6A3FB7A4293A75D500C47EDE /* Assets.xcassets */,
				6A3FB7A6293A75D500C47EDE /* LaunchScreen.storyboard */,
				6A3FB7A9293A75D500C47EDE /* Info.plist */,
			);
			path = PrototypePlanCook;
			sourceTree = "<group>";
		};
		6A3FB7B9293A823B00C47EDE /* TVC */ = {
			isa = PBXGroup;
			children = (
				6A3FB7B5293A7DD900C47EDE /* MenuTVC.swift */,
			);
			path = TVC;
			sourceTree = "<group>";
		};
		6A4A7E99293E584200BD1A3E /* Structs */ = {
			isa = PBXGroup;
			children = (
				6A4A7E9A293E587800BD1A3E /* Menu.swift */,
				6A4A7E9C293E594100BD1A3E /* Ingredients.swift */,
				6A4A7E9E293E595E00BD1A3E /* Instructions.swift */,
			);
			path = Structs;
			sourceTree = "<group>";
		};
/* End PBXGroup section */

/* Begin PBXNativeTarget section */
		6A3FB797293A75CC00C47EDE /* PrototypePlanCook */ = {
			isa = PBXNativeTarget;
			buildConfigurationList = 6A3FB7AC293A75D500C47EDE /* Build configuration list for PBXNativeTarget "PrototypePlanCook" */;
			buildPhases = (
				6A3FB794293A75CC00C47EDE /* Sources */,
				6A3FB795293A75CC00C47EDE /* Frameworks */,
				6A3FB796293A75CC00C47EDE /* Resources */,
			);
			buildRules = (
			);
			dependencies = (
			);
			name = PrototypePlanCook;
			productName = PrototypePlanCook;
			productReference = 6A3FB798293A75CC00C47EDE /* PrototypePlanCook.app */;
			productType = "com.apple.product-type.application";
		};
/* End PBXNativeTarget section */

/* Begin PBXProject section */
		6A3FB790293A75CC00C47EDE /* Project object */ = {
			isa = PBXProject;
			attributes = {
				BuildIndependentTargetsInParallel = 1;
				LastSwiftUpdateCheck = 1400;
				LastUpgradeCheck = 1400;
				TargetAttributes = {
					6A3FB797293A75CC00C47EDE = {
						CreatedOnToolsVersion = 14.0;
					};
				};
			};
			buildConfigurationList = 6A3FB793293A75CC00C47EDE /* Build configuration list for PBXProject "PrototypePlanCook" */;
			compatibilityVersion = "Xcode 14.0";
			developmentRegion = en;
			hasScannedForEncodings = 0;
			knownRegions = (
				en,
				Base,
			);
			mainGroup = 6A3FB78F293A75CC00C47EDE;
			productRefGroup = 6A3FB799293A75CC00C47EDE /* Products */;
			projectDirPath = "";
			projectRoot = "";
			targets = (
				6A3FB797293A75CC00C47EDE /* PrototypePlanCook */,
			);
		};
/* End PBXProject section */

/* Begin PBXResourcesBuildPhase section */
		6A3FB796293A75CC00C47EDE /* Resources */ = {
			isa = PBXResourcesBuildPhase;
			buildActionMask = 2147483647;
			files = (
				6A3FB7A8293A75D500C47EDE /* LaunchScreen.storyboard in Resources */,
				6A3FB7A5293A75D500C47EDE /* Assets.xcassets in Resources */,
				6A3FB7A3293A75CC00C47EDE /* Main.storyboard in Resources */,
			);
			runOnlyForDeploymentPostprocessing = 0;
		};
/* End PBXResourcesBuildPhase section */

/* Begin PBXSourcesBuildPhase section */
		6A3FB794293A75CC00C47EDE /* Sources */ = {
			isa = PBXSourcesBuildPhase;
			buildActionMask = 2147483647;
			files = (
				6A4A7E9F293E595E00BD1A3E /* Instructions.swift in Sources */,
				6A3FB7A0293A75CC00C47EDE /* ViewController.swift in Sources */,
				6A3FB79C293A75CC00C47EDE /* AppDelegate.swift in Sources */,
				6A3FB7B6293A7DD900C47EDE /* MenuTVC.swift in Sources */,
				6A3FB79E293A75CC00C47EDE /* SceneDelegate.swift in Sources */,
				6A4A7E9D293E594100BD1A3E /* Ingredients.swift in Sources */,
				6A4A7E9B293E587800BD1A3E /* Menu.swift in Sources */,
			);
			runOnlyForDeploymentPostprocessing = 0;
		};
/* End PBXSourcesBuildPhase section */

/* Begin PBXVariantGroup section */
		6A3FB7A1293A75CC00C47EDE /* Main.storyboard */ = {
			isa = PBXVariantGroup;
			children = (
				6A3FB7A2293A75CC00C47EDE /* Base */,
			);
			name = Main.storyboard;
			sourceTree = "<group>";
		};
		6A3FB7A6293A75D500C47EDE /* LaunchScreen.storyboard */ = {
			isa = PBXVariantGroup;
			children = (
				6A3FB7A7293A75D500C47EDE /* Base */,
			);
			name = LaunchScreen.storyboard;
			sourceTree = "<group>";
		};
/* End PBXVariantGroup section */

/* Begin XCBuildConfiguration section */
		6A3FB7AA293A75D500C47EDE /* Debug */ = {
			isa = XCBuildConfiguration;
			buildSettings = {
				ALWAYS_SEARCH_USER_PATHS = NO;
				CLANG_ANALYZER_NONNULL = YES;
				CLANG_ANALYZER_NUMBER_OBJECT_CONVERSION = YES_AGGRESSIVE;
				CLANG_CXX_LANGUAGE_STANDARD = "gnu++20";
				CLANG_ENABLE_MODULES = YES;
				CLANG_ENABLE_OBJC_ARC = YES;
				CLANG_ENABLE_OBJC_WEAK = YES;
				CLANG_WARN_BLOCK_CAPTURE_AUTORELEASING = YES;
				CLANG_WARN_BOOL_CONVERSION = YES;
				CLANG_WARN_COMMA = YES;
				CLANG_WARN_CONSTANT_CONVERSION = YES;
				CLANG_WARN_DEPRECATED_OBJC_IMPLEMENTATIONS = YES;
				CLANG_WARN_DIRECT_OBJC_ISA_USAGE = YES_ERROR;
				CLANG_WARN_DOCUMENTATION_COMMENTS = YES;
				CLANG_WARN_EMPTY_BODY = YES;
				CLANG_WARN_ENUM_CONVERSION = YES;
				CLANG_WARN_INFINITE_RECURSION = YES;
				CLANG_WARN_INT_CONVERSION = YES;
				CLANG_WARN_NON_LITERAL_NULL_CONVERSION = YES;
				CLANG_WARN_OBJC_IMPLICIT_RETAIN_SELF = YES;
				CLANG_WARN_OBJC_LITERAL_CONVERSION = YES;
				CLANG_WARN_OBJC_ROOT_CLASS = YES_ERROR;
				CLANG_WARN_QUOTED_INCLUDE_IN_FRAMEWORK_HEADER = YES;
				CLANG_WARN_RANGE_LOOP_ANALYSIS = YES;
				CLANG_WARN_STRICT_PROTOTYPES = YES;
				CLANG_WARN_SUSPICIOUS_MOVE = YES;
				CLANG_WARN_UNGUARDED_AVAILABILITY = YES_AGGRESSIVE;
				CLANG_WARN_UNREACHABLE_CODE = YES;
				CLANG_WARN__DUPLICATE_METHOD_MATCH = YES;
				COPY_PHASE_STRIP = NO;
				DEBUG_INFORMATION_FORMAT = dwarf;
				ENABLE_STRICT_OBJC_MSGSEND = YES;
				ENABLE_TESTABILITY = YES;
				GCC_C_LANGUAGE_STANDARD = gnu11;
				GCC_DYNAMIC_NO_PIC = NO;
				GCC_NO_COMMON_BLOCKS = YES;
				GCC_OPTIMIZATION_LEVEL = 0;
				GCC_PREPROCESSOR_DEFINITIONS = (
					"DEBUG=1",
					"$(inherited)",
				);
				GCC_WARN_64_TO_32_BIT_CONVERSION = YES;
				GCC_WARN_ABOUT_RETURN_TYPE = YES_ERROR;
				GCC_WARN_UNDECLARED_SELECTOR = YES;
				GCC_WARN_UNINITIALIZED_AUTOS = YES_AGGRESSIVE;
				GCC_WARN_UNUSED_FUNCTION = YES;
				GCC_WARN_UNUSED_VARIABLE = YES;
				IPHONEOS_DEPLOYMENT_TARGET = 16.0;
				MTL_ENABLE_DEBUG_INFO = INCLUDE_SOURCE;
				MTL_FAST_MATH = YES;
				ONLY_ACTIVE_ARCH = YES;
				SDKROOT = iphoneos;
				SWIFT_ACTIVE_COMPILATION_CONDITIONS = DEBUG;
				SWIFT_OPTIMIZATION_LEVEL = "-Onone";
			};
			name = Debug;
		};
		6A3FB7AB293A75D500C47EDE /* Release */ = {
			isa = XCBuildConfiguration;
			buildSettings = {
				ALWAYS_SEARCH_USER_PATHS = NO;
				CLANG_ANALYZER_NONNULL = YES;
				CLANG_ANALYZER_NUMBER_OBJECT_CONVERSION = YES_AGGRESSIVE;
				CLANG_CXX_LANGUAGE_STANDARD = "gnu++20";
				CLANG_ENABLE_MODULES = YES;
				CLANG_ENABLE_OBJC_ARC = YES;
				CLANG_ENABLE_OBJC_WEAK = YES;
				CLANG_WARN_BLOCK_CAPTURE_AUTORELEASING = YES;
				CLANG_WARN_BOOL_CONVERSION = YES;
				CLANG_WARN_COMMA = YES;
				CLANG_WARN_CONSTANT_CONVERSION = YES;
				CLANG_WARN_DEPRECATED_OBJC_IMPLEMENTATIONS = YES;
				CLANG_WARN_DIRECT_OBJC_ISA_USAGE = YES_ERROR;
				CLANG_WARN_DOCUMENTATION_COMMENTS = YES;
				CLANG_WARN_EMPTY_BODY = YES;
				CLANG_WARN_ENUM_CONVERSION = YES;
				CLANG_WARN_INFINITE_RECURSION = YES;
				CLANG_WARN_INT_CONVERSION = YES;
				CLANG_WARN_NON_LITERAL_NULL_CONVERSION = YES;
				CLANG_WARN_OBJC_IMPLICIT_RETAIN_SELF = YES;
				CLANG_WARN_OBJC_LITERAL_CONVERSION = YES;
				CLANG_WARN_OBJC_ROOT_CLASS = YES_ERROR;
				CLANG_WARN_QUOTED_INCLUDE_IN_FRAMEWORK_HEADER = YES;
				CLANG_WARN_RANGE_LOOP_ANALYSIS = YES;
				CLANG_WARN_STRICT_PROTOTYPES = YES;
				CLANG_WARN_SUSPICIOUS_MOVE = YES;
				CLANG_WARN_UNGUARDED_AVAILABILITY = YES_AGGRESSIVE;
				CLANG_WARN_UNREACHABLE_CODE = YES;
				CLANG_WARN__DUPLICATE_METHOD_MATCH = YES;
				COPY_PHASE_STRIP = NO;
				DEBUG_INFORMATION_FORMAT = "dwarf-with-dsym";
				ENABLE_NS_ASSERTIONS = NO;
				ENABLE_STRICT_OBJC_MSGSEND = YES;
				GCC_C_LANGUAGE_STANDARD = gnu11;
				GCC_NO_COMMON_BLOCKS = YES;
				GCC_WARN_64_TO_32_BIT_CONVERSION = YES;
				GCC_WARN_ABOUT_RETURN_TYPE = YES_ERROR;
				GCC_WARN_UNDECLARED_SELECTOR = YES;
				GCC_WARN_UNINITIALIZED_AUTOS = YES_AGGRESSIVE;
				GCC_WARN_UNUSED_FUNCTION = YES;
				GCC_WARN_UNUSED_VARIABLE = YES;
				IPHONEOS_DEPLOYMENT_TARGET = 16.0;
				MTL_ENABLE_DEBUG_INFO = NO;
				MTL_FAST_MATH = YES;
				SDKROOT = iphoneos;
				SWIFT_COMPILATION_MODE = wholemodule;
				SWIFT_OPTIMIZATION_LEVEL = "-O";
				VALIDATE_PRODUCT = YES;
			};
			name = Release;
		};
		6A3FB7AD293A75D500C47EDE /* Debug */ = {
			isa = XCBuildConfiguration;
			buildSettings = {
				ASSETCATALOG_COMPILER_APPICON_NAME = AppIcon;
				ASSETCATALOG_COMPILER_GLOBAL_ACCENT_COLOR_NAME = AccentColor;
				CODE_SIGN_STYLE = Automatic;
				CURRENT_PROJECT_VERSION = 1;
				GENERATE_INFOPLIST_FILE = YES;
				INFOPLIST_FILE = PrototypePlanCook/Info.plist;
				INFOPLIST_KEY_UIApplicationSupportsIndirectInputEvents = YES;
				INFOPLIST_KEY_UILaunchStoryboardName = LaunchScreen;
				INFOPLIST_KEY_UIMainStoryboardFile = Main;
				INFOPLIST_KEY_UISupportedInterfaceOrientations_iPad = "UIInterfaceOrientationPortrait UIInterfaceOrientationPortraitUpsideDown UIInterfaceOrientationLandscapeLeft UIInterfaceOrientationLandscapeRight";
				INFOPLIST_KEY_UISupportedInterfaceOrientations_iPhone = "UIInterfaceOrientationPortrait UIInterfaceOrientationLandscapeLeft UIInterfaceOrientationLandscapeRight";
				LD_RUNPATH_SEARCH_PATHS = (
					"$(inherited)",
					"@executable_path/Frameworks",
				);
				MARKETING_VERSION = 1.0;
				PRODUCT_BUNDLE_IDENTIFIER = ejemplo.com.PrototypePlanCook;
				PRODUCT_NAME = "$(TARGET_NAME)";
				SWIFT_EMIT_LOC_STRINGS = YES;
				SWIFT_VERSION = 5.0;
				TARGETED_DEVICE_FAMILY = "1,2";
			};
			name = Debug;
		};
		6A3FB7AE293A75D500C47EDE /* Release */ = {
			isa = XCBuildConfiguration;
			buildSettings = {
				ASSETCATALOG_COMPILER_APPICON_NAME = AppIcon;
				ASSETCATALOG_COMPILER_GLOBAL_ACCENT_COLOR_NAME = AccentColor;
				CODE_SIGN_STYLE = Automatic;
				CURRENT_PROJECT_VERSION = 1;
				GENERATE_INFOPLIST_FILE = YES;
				INFOPLIST_FILE = PrototypePlanCook/Info.plist;
				INFOPLIST_KEY_UIApplicationSupportsIndirectInputEvents = YES;
				INFOPLIST_KEY_UILaunchStoryboardName = LaunchScreen;
				INFOPLIST_KEY_UIMainStoryboardFile = Main;
				INFOPLIST_KEY_UISupportedInterfaceOrientations_iPad = "UIInterfaceOrientationPortrait UIInterfaceOrientationPortraitUpsideDown UIInterfaceOrientationLandscapeLeft UIInterfaceOrientationLandscapeRight";
				INFOPLIST_KEY_UISupportedInterfaceOrientations_iPhone = "UIInterfaceOrientationPortrait UIInterfaceOrientationLandscapeLeft UIInterfaceOrientationLandscapeRight";
				LD_RUNPATH_SEARCH_PATHS = (
					"$(inherited)",
					"@executable_path/Frameworks",
				);
				MARKETING_VERSION = 1.0;
				PRODUCT_BUNDLE_IDENTIFIER = ejemplo.com.PrototypePlanCook;
				PRODUCT_NAME = "$(TARGET_NAME)";
				SWIFT_EMIT_LOC_STRINGS = YES;
				SWIFT_VERSION = 5.0;
				TARGETED_DEVICE_FAMILY = "1,2";
			};
			name = Release;
		};
/* End XCBuildConfiguration section */

/* Begin XCConfigurationList section */
		6A3FB793293A75CC00C47EDE /* Build configuration list for PBXProject "PrototypePlanCook" */ = {
			isa = XCConfigurationList;
			buildConfigurations = (
				6A3FB7AA293A75D500C47EDE /* Debug */,
				6A3FB7AB293A75D500C47EDE /* Release */,
			);
			defaultConfigurationIsVisible = 0;
			defaultConfigurationName = Release;
		};
		6A3FB7AC293A75D500C47EDE /* Build configuration list for PBXNativeTarget "PrototypePlanCook" */ = {
			isa = XCConfigurationList;
			buildConfigurations = (
				6A3FB7AD293A75D500C47EDE /* Debug */,
				6A3FB7AE293A75D500C47EDE /* Release */,
			);
			defaultConfigurationIsVisible = 0;
			defaultConfigurationName = Release;
		};
/* End XCConfigurationList section */
	};
	rootObject = 6A3FB790293A75CC00C47EDE /* Project object */;
}
